# This file is automatically @generated by Cargo.
# It is not intended for manual editing.
version = 4

[[package]]
name = "spike-s11-vfs-confinement"
version = "0.1.0"

[[package]]
name = "spike-s3-throughput"
version = "0.1.0"

[[package]]
name = "spindle-client-core"
version = "0.1.0"

[[package]]
name = "spindle-core"
version = "0.1.0"

[[package]]
name = "spindle-helper"
version = "0.1.0"

[[package]]
name = "spindle-host-core"
version = "0.1.0"

[[package]]
name = "spindle-net"
version = "0.1.0"

[[package]]
name = "spindle-proto"
version = "0.1.0"

[[package]]
name = "spindle-vfs"
version = "0.1.0"
